
Microsoft Visual Studio Solution File, Format Version 12.00
# Visual Studio Version 16
VisualStudioVersion = 16.0.30204.135
MinimumVisualStudioVersion = 10.0.40219.1
Project("{FAE04EC0-301F-11D3-BF4B-00C04F79EFBC}") = "ChessBoardGUIApp", "ChessBoardGUIApp\ChessBoardGUIApp.csproj", "{81FAFBCA-EF26-4177-B06A-44E53E0835C2}"
EndProject
Project("{9A19103F-16F7-4668-BE54-9A1E7A4F7556}") = "ChessBoardModel", "ChessBoardModel\ChessBoardModel.csproj", "{DAC6D935-942D-423D-826A-95C4C66F7075}"
EndProject
Global
	GlobalSection(SolutionConfigurationPlatforms) = preSolution
		Debug|Any CPU = Debug|Any CPU
		Release|Any CPU = Release|Any CPU
	EndGlobalSection
	GlobalSection(ProjectConfigurationPlatforms) = postSolution
		{81FAFBCA-EF26-4177-B06A-44E53E0835C2}.Debug|Any CPU.ActiveCfg = Debug|Any CPU
		{81FAFBCA-EF26-4177-B06A-44E53E0835C2}.Debug|Any CPU.Build.0 = Debug|Any CPU
		{81FAFBCA-EF26-4177-B06A-44E53E0835C2}.Release|Any CPU.ActiveCfg = Release|Any CPU
		{81FAFBCA-EF26-4177-B06A-44E53E0835C2}.Release|Any CPU.Build.0 = Release|Any CPU
		{DAC6D935-942D-423D-826A-95C4C66F7075}.Debug|Any CPU.ActiveCfg = Debug|Any CPU
		{DAC6D935-942D-423D-826A-95C4C66F7075}.Debug|Any CPU.Build.0 = Debug|Any CPU
		{DAC6D935-942D-423D-826A-95C4C66F7075}.Release|Any CPU.ActiveCfg = Release|Any CPU
		{DAC6D935-942D-423D-826A-95C4C66F7075}.Release|Any CPU.Build.0 = Release|Any CPU
	EndGlobalSection
	GlobalSection(SolutionProperties) = preSolution
		HideSolutionNode = FALSE
	EndGlobalSection
	GlobalSection(ExtensibilityGlobals) = postSolution
		SolutionGuid = {B1B08DBA-2980-4B25-8E4D-D77987813CE1}
	EndGlobalSection
EndGlobal
